
Microsoft Visual Studio Solution File, Format Version 12.00
# Visual Studio 15
VisualStudioVersion = 15.0.26124.0
MinimumVisualStudioVersion = 15.0.26124.0
Project("{FAE04EC0-301F-11D3-BF4B-00C04F79EFBC}") = "Link", "Link\Link.csproj", "{C6712A21-EC42-4286-9CFF-619CFA01AB96}"
EndProject
Project("{FAE04EC0-301F-11D3-BF4B-00C04F79EFBC}") = "Link.Tests", "Link.Tests\Link.Tests.csproj", "{1C1367D5-9222-4A96-885D-5FFD0D5B5A7E}"
EndProject
Global
	GlobalSection(SolutionConfigurationPlatforms) = preSolution
		Debug|Any CPU = Debug|Any CPU
		Debug|x64 = Debug|x64
		Debug|x86 = Debug|x86
		Release|Any CPU = Release|Any CPU
		Release|x64 = Release|x64
		Release|x86 = Release|x86
	EndGlobalSection
	GlobalSection(SolutionProperties) = preSolution
		HideSolutionNode = FALSE
	EndGlobalSection
	GlobalSection(ProjectConfigurationPlatforms) = postSolution
		{C6712A21-EC42-4286-9CFF-619CFA01AB96}.Debug|Any CPU.ActiveCfg = Debug|Any CPU
		{C6712A21-EC42-4286-9CFF-619CFA01AB96}.Debug|Any CPU.Build.0 = Debug|Any CPU
		{C6712A21-EC42-4286-9CFF-619CFA01AB96}.Debug|x64.ActiveCfg = Debug|Any CPU
		{C6712A21-EC42-4286-9CFF-619CFA01AB96}.Debug|x64.Build.0 = Debug|Any CPU
		{C6712A21-EC42-4286-9CFF-619CFA01AB96}.Debug|x86.ActiveCfg = Debug|Any CPU
		{C6712A21-EC42-4286-9CFF-619CFA01AB96}.Debug|x86.Build.0 = Debug|Any CPU
		{C6712A21-EC42-4286-9CFF-619CFA01AB96}.Release|Any CPU.ActiveCfg = Release|Any CPU
		{C6712A21-EC42-4286-9CFF-619CFA01AB96}.Release|Any CPU.Build.0 = Release|Any CPU
		{C6712A21-EC42-4286-9CFF-619CFA01AB96}.Release|x64.ActiveCfg = Release|Any CPU
		{C6712A21-EC42-4286-9CFF-619CFA01AB96}.Release|x64.Build.0 = Release|Any CPU
		{C6712A21-EC42-4286-9CFF-619CFA01AB96}.Release|x86.ActiveCfg = Release|Any CPU
		{C6712A21-EC42-4286-9CFF-619CFA01AB96}.Release|x86.Build.0 = Release|Any CPU
		{1C1367D5-9222-4A96-885D-5FFD0D5B5A7E}.Debug|Any CPU.ActiveCfg = Debug|Any CPU
		{1C1367D5-9222-4A96-885D-5FFD0D5B5A7E}.Debug|Any CPU.Build.0 = Debug|Any CPU
		{1C1367D5-9222-4A96-885D-5FFD0D5B5A7E}.Debug|x64.ActiveCfg = Debug|Any CPU
		{1C1367D5-9222-4A96-885D-5FFD0D5B5A7E}.Debug|x64.Build.0 = Debug|Any CPU
		{1C1367D5-9222-4A96-885D-5FFD0D5B5A7E}.Debug|x86.ActiveCfg = Debug|Any CPU
		{1C1367D5-9222-4A96-885D-5FFD0D5B5A7E}.Debug|x86.Build.0 = Debug|Any CPU
		{1C1367D5-9222-4A96-885D-5FFD0D5B5A7E}.Release|Any CPU.ActiveCfg = Release|Any CPU
		{1C1367D5-9222-4A96-885D-5FFD0D5B5A7E}.Release|Any CPU.Build.0 = Release|Any CPU
		{1C1367D5-9222-4A96-885D-5FFD0D5B5A7E}.Release|x64.ActiveCfg = Release|Any CPU
		{1C1367D5-9222-4A96-885D-5FFD0D5B5A7E}.Release|x64.Build.0 = Release|Any CPU
		{1C1367D5-9222-4A96-885D-5FFD0D5B5A7E}.Release|x86.ActiveCfg = Release|Any CPU
		{1C1367D5-9222-4A96-885D-5FFD0D5B5A7E}.Release|x86.Build.0 = Release|Any CPU
	EndGlobalSection
EndGlobal
